
Microsoft Visual Studio Solution File, Format Version 12.00
# Visual Studio Version 17
Project("{8BC9CEB8-8B4A-11D0-8D11-00A0C91BC942}") = "ALL_BUILD", "ALL_BUILD.vcxproj", "{A507688E-923B-39FB-B018-259807C3759C}"
	ProjectSection(ProjectDependencies) = postProject
		{6B83F9F7-3327-3FC1-BF24-E7CB32CC843E} = {6B83F9F7-3327-3FC1-BF24-E7CB32CC843E}
		{4EE9999B-B4C6-32B0-AF9C-4690B6631418} = {4EE9999B-B4C6-32B0-AF9C-4690B6631418}
	EndProjectSection
EndProject
Project("{8BC9CEB8-8B4A-11D0-8D11-00A0C91BC942}") = "ZERO_CHECK", "ZERO_CHECK.vcxproj", "{6B83F9F7-3327-3FC1-BF24-E7CB32CC843E}"
	ProjectSection(ProjectDependencies) = postProject
	EndProjectSection
EndProject
Project("{8BC9CEB8-8B4A-11D0-8D11-00A0C91BC942}") = "src", "src.vcxproj", "{4EE9999B-B4C6-32B0-AF9C-4690B6631418}"
	ProjectSection(ProjectDependencies) = postProject
		{6B83F9F7-3327-3FC1-BF24-E7CB32CC843E} = {6B83F9F7-3327-3FC1-BF24-E7CB32CC843E}
	EndProjectSection
EndProject
Global
	GlobalSection(SolutionConfigurationPlatforms) = preSolution
		Debug|x64 = Debug|x64
		Release|x64 = Release|x64
		MinSizeRel|x64 = MinSizeRel|x64
		RelWithDebInfo|x64 = RelWithDebInfo|x64
	EndGlobalSection
	GlobalSection(ProjectConfigurationPlatforms) = postSolution
		{A507688E-923B-39FB-B018-259807C3759C}.Debug|x64.ActiveCfg = Debug|x64
		{A507688E-923B-39FB-B018-259807C3759C}.Release|x64.ActiveCfg = Release|x64
		{A507688E-923B-39FB-B018-259807C3759C}.MinSizeRel|x64.ActiveCfg = MinSizeRel|x64
		{A507688E-923B-39FB-B018-259807C3759C}.RelWithDebInfo|x64.ActiveCfg = RelWithDebInfo|x64
		{6B83F9F7-3327-3FC1-BF24-E7CB32CC843E}.Debug|x64.ActiveCfg = Debug|x64
		{6B83F9F7-3327-3FC1-BF24-E7CB32CC843E}.Debug|x64.Build.0 = Debug|x64
		{6B83F9F7-3327-3FC1-BF24-E7CB32CC843E}.Release|x64.ActiveCfg = Release|x64
		{6B83F9F7-3327-3FC1-BF24-E7CB32CC843E}.Release|x64.Build.0 = Release|x64
		{6B83F9F7-3327-3FC1-BF24-E7CB32CC843E}.MinSizeRel|x64.ActiveCfg = MinSizeRel|x64
		{6B83F9F7-3327-3FC1-BF24-E7CB32CC843E}.MinSizeRel|x64.Build.0 = MinSizeRel|x64
		{6B83F9F7-3327-3FC1-BF24-E7CB32CC843E}.RelWithDebInfo|x64.ActiveCfg = RelWithDebInfo|x64
		{6B83F9F7-3327-3FC1-BF24-E7CB32CC843E}.RelWithDebInfo|x64.Build.0 = RelWithDebInfo|x64
		{4EE9999B-B4C6-32B0-AF9C-4690B6631418}.Debug|x64.ActiveCfg = Debug|x64
		{4EE9999B-B4C6-32B0-AF9C-4690B6631418}.Debug|x64.Build.0 = Debug|x64
		{4EE9999B-B4C6-32B0-AF9C-4690B6631418}.Release|x64.ActiveCfg = Release|x64
		{4EE9999B-B4C6-32B0-AF9C-4690B6631418}.Release|x64.Build.0 = Release|x64
		{4EE9999B-B4C6-32B0-AF9C-4690B6631418}.MinSizeRel|x64.ActiveCfg = MinSizeRel|x64
		{4EE9999B-B4C6-32B0-AF9C-4690B6631418}.MinSizeRel|x64.Build.0 = MinSizeRel|x64
		{4EE9999B-B4C6-32B0-AF9C-4690B6631418}.RelWithDebInfo|x64.ActiveCfg = RelWithDebInfo|x64
		{4EE9999B-B4C6-32B0-AF9C-4690B6631418}.RelWithDebInfo|x64.Build.0 = RelWithDebInfo|x64
	EndGlobalSection
	GlobalSection(ExtensibilityGlobals) = postSolution
		SolutionGuid = {1CC9FEC7-74B0-35D9-BDE5-0F3D87D31B81}
	EndGlobalSection
	GlobalSection(ExtensibilityAddIns) = postSolution
	EndGlobalSection
EndGlobal
