<?xml version="1.0" encoding="utf-8"?>
<Project ToolsVersion="17.0" xmlns="http://schemas.microsoft.com/developer/msbuild/2003">
  <ItemGroup>
    <ClCompile Include="C:\Users\Брест\source\repos\TMAU-2023\trunk\as0006103\task_01\src\TMAU1.cpp">
      <Filter>Source Files</Filter>
    </ClCompile>
  </ItemGroup>
  <ItemGroup>
    <CustomBuild Include="C:\Users\Брест\source\repos\TMAU-2023\trunk\as0006103\task_01\src\CMakeLists.txt" />
  </ItemGroup>
  <ItemGroup>
    <Filter Include="Source Files">
      <UniqueIdentifier>{63B80FB1-12CF-3E4F-944B-C49A0682753B}</UniqueIdentifier>
    </Filter>
  </ItemGroup>
</Project>
